{
  "object": {
    "pins": [
      {
        "package": "DateToolsSwift",
        "repositoryURL": "https://github.com/maniramezan/DateTools.git",
        "state": {
          "branch": "mani_swiftpm",
          "revision": "4df71163e824b75476edd853a57dd4e33e0e618b",
          "version": null
        }
      }
    ]
  },
  "version": 1
}
