// !$*UTF8*$!
{
	archiveVersion = 1;
	classes = {
	};
	objectVersion = 52;
	objects = {

/* Begin PBXBuildFile section */
		75776AF58133F6BBDDCF1CE7 /* Pods_CalendarApp.framework in Frameworks */ = {isa = PBXBuildFile; fileRef = A223D8E39EB8C7A25F4E823A /* Pods_CalendarApp.framework */; };
		791ACF5023FC887D00B2D602 /* TimeChunk+DateComponents.swift in Sources */ = {isa = PBXBuildFile; fileRef = 791ACF4F23FC887D00B2D602 /* TimeChunk+DateComponents.swift */; };
		7924834B23CB7B57003E3D27 /* Main.storyboard in Resources */ = {isa = PBXBuildFile; fileRef = 7924834923CB7B57003E3D27 /* Main.storyboard */; };
		7924834D23CB7B58003E3D27 /* Assets.xcassets in Resources */ = {isa = PBXBuildFile; fileRef = 7924834C23CB7B58003E3D27 /* Assets.xcassets */; };
		7924835023CB7B58003E3D27 /* LaunchScreen.storyboard in Resources */ = {isa = PBXBuildFile; fileRef = 7924834E23CB7B58003E3D27 /* LaunchScreen.storyboard */; };
		7924836923CB7BFE003E3D27 /* StyleGenerator.swift in Sources */ = {isa = PBXBuildFile; fileRef = 7924836323CB7BFE003E3D27 /* StyleGenerator.swift */; };
		7924836A23CB7BFE003E3D27 /* DatePickerController.swift in Sources */ = {isa = PBXBuildFile; fileRef = 7924836423CB7BFE003E3D27 /* DatePickerController.swift */; };
		7924836B23CB7BFE003E3D27 /* AppDelegate.swift in Sources */ = {isa = PBXBuildFile; fileRef = 7924836523CB7BFE003E3D27 /* AppDelegate.swift */; };
		7924836C23CB7BFE003E3D27 /* CustomCalendarExampleController.swift in Sources */ = {isa = PBXBuildFile; fileRef = 7924836623CB7BFE003E3D27 /* CustomCalendarExampleController.swift */; };
		7924836D23CB7BFE003E3D27 /* ExampleController.swift in Sources */ = {isa = PBXBuildFile; fileRef = 7924836723CB7BFE003E3D27 /* ExampleController.swift */; };
		7924836E23CB7BFE003E3D27 /* ExampleNotificationController.swift in Sources */ = {isa = PBXBuildFile; fileRef = 7924836823CB7BFE003E3D27 /* ExampleNotificationController.swift */; };
/* End PBXBuildFile section */

/* Begin PBXFileReference section */
		786F0C3439DCA027A1D04664 /* Pods-CalendarApp.release.xcconfig */ = {isa = PBXFileReference; includeInIndex = 1; lastKnownFileType = text.xcconfig; name = "Pods-CalendarApp.release.xcconfig"; path = "Target Support Files/Pods-CalendarApp/Pods-CalendarApp.release.xcconfig"; sourceTree = "<group>"; };
		791ACF4F23FC887D00B2D602 /* TimeChunk+DateComponents.swift */ = {isa = PBXFileReference; lastKnownFileType = sourcecode.swift; path = "TimeChunk+DateComponents.swift"; sourceTree = "<group>"; };
		7924834023CB7B57003E3D27 /* CalendarApp.app */ = {isa = PBXFileReference; explicitFileType = wrapper.application; includeInIndex = 0; path = CalendarApp.app; sourceTree = BUILT_PRODUCTS_DIR; };
		7924834A23CB7B57003E3D27 /* Base */ = {isa = PBXFileReference; lastKnownFileType = file.storyboard; name = Base; path = Base.lproj/Main.storyboard; sourceTree = "<group>"; };
		7924834C23CB7B58003E3D27 /* Assets.xcassets */ = {isa = PBXFileReference; lastKnownFileType = folder.assetcatalog; path = Assets.xcassets; sourceTree = "<group>"; };
		7924834F23CB7B58003E3D27 /* Base */ = {isa = PBXFileReference; lastKnownFileType = file.storyboard; name = Base; path = Base.lproj/LaunchScreen.storyboard; sourceTree = "<group>"; };
		7924835123CB7B58003E3D27 /* Info.plist */ = {isa = PBXFileReference; lastKnownFileType = text.plist.xml; path = Info.plist; sourceTree = "<group>"; };
		7924836323CB7BFE003E3D27 /* StyleGenerator.swift */ = {isa = PBXFileReference; fileEncoding = 4; lastKnownFileType = sourcecode.swift; path = StyleGenerator.swift; sourceTree = "<group>"; };
		7924836423CB7BFE003E3D27 /* DatePickerController.swift */ = {isa = PBXFileReference; fileEncoding = 4; lastKnownFileType = sourcecode.swift; path = DatePickerController.swift; sourceTree = "<group>"; };
		7924836523CB7BFE003E3D27 /* AppDelegate.swift */ = {isa = PBXFileReference; fileEncoding = 4; lastKnownFileType = sourcecode.swift; path = AppDelegate.swift; sourceTree = "<group>"; };
		7924836623CB7BFE003E3D27 /* CustomCalendarExampleController.swift */ = {isa = PBXFileReference; fileEncoding = 4; lastKnownFileType = sourcecode.swift; path = CustomCalendarExampleController.swift; sourceTree = "<group>"; };
		7924836723CB7BFE003E3D27 /* ExampleController.swift */ = {isa = PBXFileReference; fileEncoding = 4; lastKnownFileType = sourcecode.swift; path = ExampleController.swift; sourceTree = "<group>"; };
		7924836823CB7BFE003E3D27 /* ExampleNotificationController.swift */ = {isa = PBXFileReference; fileEncoding = 4; lastKnownFileType = sourcecode.swift; path = ExampleNotificationController.swift; sourceTree = "<group>"; };
		A223D8E39EB8C7A25F4E823A /* Pods_CalendarApp.framework */ = {isa = PBXFileReference; explicitFileType = wrapper.framework; includeInIndex = 0; path = Pods_CalendarApp.framework; sourceTree = BUILT_PRODUCTS_DIR; };
		FEBA81B9D67F9FBBA5381D09 /* Pods-CalendarApp.debug.xcconfig */ = {isa = PBXFileReference; includeInIndex = 1; lastKnownFileType = text.xcconfig; name = "Pods-CalendarApp.debug.xcconfig"; path = "Target Support Files/Pods-CalendarApp/Pods-CalendarApp.debug.xcconfig"; sourceTree = "<group>"; };
/* End PBXFileReference section */

/* Begin PBXFrameworksBuildPhase section */
		7924833D23CB7B57003E3D27 /* Frameworks */ = {
			isa = PBXFrameworksBuildPhase;
			buildActionMask = 2147483647;
			files = (
				75776AF58133F6BBDDCF1CE7 /* Pods_CalendarApp.framework in Frameworks */,
			);
			runOnlyForDeploymentPostprocessing = 0;
		};
/* End PBXFrameworksBuildPhase section */

/* Begin PBXGroup section */
		57CFFDE58D70A1545DA52F6E /* Pods */ = {
			isa = PBXGroup;
			children = (
				FEBA81B9D67F9FBBA5381D09 /* Pods-CalendarApp.debug.xcconfig */,
				786F0C3439DCA027A1D04664 /* Pods-CalendarApp.release.xcconfig */,
			);
			path = Pods;
			sourceTree = "<group>";
		};
		7924833723CB7B57003E3D27 = {
			isa = PBXGroup;
			children = (
				7924834223CB7B57003E3D27 /* CalendarApp */,
				7924834123CB7B57003E3D27 /* Products */,
				57CFFDE58D70A1545DA52F6E /* Pods */,
				D2B9A4777F5DB09BCFA26C1E /* Frameworks */,
			);
			sourceTree = "<group>";
		};
		7924834123CB7B57003E3D27 /* Products */ = {
			isa = PBXGroup;
			children = (
				7924834023CB7B57003E3D27 /* CalendarApp.app */,
			);
			name = Products;
			sourceTree = "<group>";
		};
		7924834223CB7B57003E3D27 /* CalendarApp */ = {
			isa = PBXGroup;
			children = (
				7924836523CB7BFE003E3D27 /* AppDelegate.swift */,
				791ACF4F23FC887D00B2D602 /* TimeChunk+DateComponents.swift */,
				7924836623CB7BFE003E3D27 /* CustomCalendarExampleController.swift */,
				7924836423CB7BFE003E3D27 /* DatePickerController.swift */,
				7924836723CB7BFE003E3D27 /* ExampleController.swift */,
				7924836823CB7BFE003E3D27 /* ExampleNotificationController.swift */,
				7924836323CB7BFE003E3D27 /* StyleGenerator.swift */,
				7924834923CB7B57003E3D27 /* Main.storyboard */,
				7924834C23CB7B58003E3D27 /* Assets.xcassets */,
				7924834E23CB7B58003E3D27 /* LaunchScreen.storyboard */,
				7924835123CB7B58003E3D27 /* Info.plist */,
			);
			path = CalendarApp;
			sourceTree = "<group>";
		};
		D2B9A4777F5DB09BCFA26C1E /* Frameworks */ = {
			isa = PBXGroup;
			children = (
				A223D8E39EB8C7A25F4E823A /* Pods_CalendarApp.framework */,
			);
			name = Frameworks;
			sourceTree = "<group>";
		};
/* End PBXGroup section */

/* Begin PBXNativeTarget section */
		7924833F23CB7B57003E3D27 /* CalendarApp */ = {
			isa = PBXNativeTarget;
			buildConfigurationList = 7924835423CB7B58003E3D27 /* Build configuration list for PBXNativeTarget "CalendarApp" */;
			buildPhases = (
				28DA6F21C5B430EE0B15E2A0 /* [CP] Check Pods Manifest.lock */,
				7924833C23CB7B57003E3D27 /* Sources */,
				7924833D23CB7B57003E3D27 /* Frameworks */,
				7924833E23CB7B57003E3D27 /* Resources */,
				5A00DDEECC79568B66DC9F20 /* [CP] Embed Pods Frameworks */,
			);
			buildRules = (
			);
			dependencies = (
			);
			name = CalendarApp;
			productName = CalendarApp;
			productReference = 7924834023CB7B57003E3D27 /* CalendarApp.app */;
			productType = "com.apple.product-type.application";
		};
/* End PBXNativeTarget section */

/* Begin PBXProject section */
		7924833823CB7B57003E3D27 /* Project object */ = {
			isa = PBXProject;
			attributes = {
				LastSwiftUpdateCheck = 1130;
				LastUpgradeCheck = 1130;
				ORGANIZATIONNAME = "Richard Topchii";
				TargetAttributes = {
					7924833F23CB7B57003E3D27 = {
						CreatedOnToolsVersion = 11.3;
						LastSwiftMigration = 1130;
					};
				};
			};
			buildConfigurationList = 7924833B23CB7B57003E3D27 /* Build configuration list for PBXProject "CalendarApp" */;
			compatibilityVersion = "Xcode 11.0";
			developmentRegion = en;
			hasScannedForEncodings = 0;
			knownRegions = (
				en,
				Base,
			);
			mainGroup = 7924833723CB7B57003E3D27;
			productRefGroup = 7924834123CB7B57003E3D27 /* Products */;
			projectDirPath = "";
			projectRoot = "";
			targets = (
				7924833F23CB7B57003E3D27 /* CalendarApp */,
			);
		};
/* End PBXProject section */

/* Begin PBXResourcesBuildPhase section */
		7924833E23CB7B57003E3D27 /* Resources */ = {
			isa = PBXResourcesBuildPhase;
			buildActionMask = 2147483647;
			files = (
				7924835023CB7B58003E3D27 /* LaunchScreen.storyboard in Resources */,
				7924834D23CB7B58003E3D27 /* Assets.xcassets in Resources */,
				7924834B23CB7B57003E3D27 /* Main.storyboard in Resources */,
			);
			runOnlyForDeploymentPostprocessing = 0;
		};
/* End PBXResourcesBuildPhase section */

/* Begin PBXShellScriptBuildPhase section */
		28DA6F21C5B430EE0B15E2A0 /* [CP] Check Pods Manifest.lock */ = {
			isa = PBXShellScriptBuildPhase;
			buildActionMask = 2147483647;
			files = (
			);
			inputFileListPaths = (
			);
			inputPaths = (
				"${PODS_PODFILE_DIR_PATH}/Podfile.lock",
				"${PODS_ROOT}/Manifest.lock",
			);
			name = "[CP] Check Pods Manifest.lock";
			outputFileListPaths = (
			);
			outputPaths = (
				"$(DERIVED_FILE_DIR)/Pods-CalendarApp-checkManifestLockResult.txt",
			);
			runOnlyForDeploymentPostprocessing = 0;
			shellPath = /bin/sh;
			shellScript = "diff \"${PODS_PODFILE_DIR_PATH}/Podfile.lock\" \"${PODS_ROOT}/Manifest.lock\" > /dev/null\nif [ $? != 0 ] ; then\n    # print error to STDERR\n    echo \"error: The sandbox is not in sync with the Podfile.lock. Run 'pod install' or update your CocoaPods installation.\" >&2\n    exit 1\nfi\n# This output is used by Xcode 'outputs' to avoid re-running this script phase.\necho \"SUCCESS\" > \"${SCRIPT_OUTPUT_FILE_0}\"\n";
			showEnvVarsInLog = 0;
		};
		5A00DDEECC79568B66DC9F20 /* [CP] Embed Pods Frameworks */ = {
			isa = PBXShellScriptBuildPhase;
			buildActionMask = 2147483647;
			files = (
			);
			inputFileListPaths = (
				"${PODS_ROOT}/Target Support Files/Pods-CalendarApp/Pods-CalendarApp-frameworks-${CONFIGURATION}-input-files.xcfilelist",
			);
			name = "[CP] Embed Pods Frameworks";
			outputFileListPaths = (
				"${PODS_ROOT}/Target Support Files/Pods-CalendarApp/Pods-CalendarApp-frameworks-${CONFIGURATION}-output-files.xcfilelist",
			);
			runOnlyForDeploymentPostprocessing = 0;
			shellPath = /bin/sh;
			shellScript = "\"${PODS_ROOT}/Target Support Files/Pods-CalendarApp/Pods-CalendarApp-frameworks.sh\"\n";
			showEnvVarsInLog = 0;
		};
/* End PBXShellScriptBuildPhase section */

/* Begin PBXSourcesBuildPhase section */
		7924833C23CB7B57003E3D27 /* Sources */ = {
			isa = PBXSourcesBuildPhase;
			buildActionMask = 2147483647;
			files = (
				7924836B23CB7BFE003E3D27 /* AppDelegate.swift in Sources */,
				7924836E23CB7BFE003E3D27 /* ExampleNotificationController.swift in Sources */,
				7924836C23CB7BFE003E3D27 /* CustomCalendarExampleController.swift in Sources */,
				7924836923CB7BFE003E3D27 /* StyleGenerator.swift in Sources */,
				791ACF5023FC887D00B2D602 /* TimeChunk+DateComponents.swift in Sources */,
				7924836D23CB7BFE003E3D27 /* ExampleController.swift in Sources */,
				7924836A23CB7BFE003E3D27 /* DatePickerController.swift in Sources */,
			);
			runOnlyForDeploymentPostprocessing = 0;
		};
/* End PBXSourcesBuildPhase section */

/* Begin PBXVariantGroup section */
		7924834923CB7B57003E3D27 /* Main.storyboard */ = {
			isa = PBXVariantGroup;
			children = (
				7924834A23CB7B57003E3D27 /* Base */,
			);
			name = Main.storyboard;
			sourceTree = "<group>";
		};
		7924834E23CB7B58003E3D27 /* LaunchScreen.storyboard */ = {
			isa = PBXVariantGroup;
			children = (
				7924834F23CB7B58003E3D27 /* Base */,
			);
			name = LaunchScreen.storyboard;
			sourceTree = "<group>";
		};
/* End PBXVariantGroup section */

/* Begin XCBuildConfiguration section */
		7924835223CB7B58003E3D27 /* Debug */ = {
			isa = XCBuildConfiguration;
			buildSettings = {
				ALWAYS_SEARCH_USER_PATHS = NO;
				CLANG_ANALYZER_NONNULL = YES;
				CLANG_ANALYZER_NUMBER_OBJECT_CONVERSION = YES_AGGRESSIVE;
				CLANG_CXX_LANGUAGE_STANDARD = "gnu++14";
				CLANG_CXX_LIBRARY = "libc++";
				CLANG_ENABLE_MODULES = YES;
				CLANG_ENABLE_OBJC_ARC = YES;
				CLANG_ENABLE_OBJC_WEAK = YES;
				CLANG_WARN_BLOCK_CAPTURE_AUTORELEASING = YES;
				CLANG_WARN_BOOL_CONVERSION = YES;
				CLANG_WARN_COMMA = YES;
				CLANG_WARN_CONSTANT_CONVERSION = YES;
				CLANG_WARN_DEPRECATED_OBJC_IMPLEMENTATIONS = YES;
				CLANG_WARN_DIRECT_OBJC_ISA_USAGE = YES_ERROR;
				CLANG_WARN_DOCUMENTATION_COMMENTS = YES;
				CLANG_WARN_EMPTY_BODY = YES;
				CLANG_WARN_ENUM_CONVERSION = YES;
				CLANG_WARN_INFINITE_RECURSION = YES;
				CLANG_WARN_INT_CONVERSION = YES;
				CLANG_WARN_NON_LITERAL_NULL_CONVERSION = YES;
				CLANG_WARN_OBJC_IMPLICIT_RETAIN_SELF = YES;
				CLANG_WARN_OBJC_LITERAL_CONVERSION = YES;
				CLANG_WARN_OBJC_ROOT_CLASS = YES_ERROR;
				CLANG_WARN_RANGE_LOOP_ANALYSIS = YES;
				CLANG_WARN_STRICT_PROTOTYPES = YES;
				CLANG_WARN_SUSPICIOUS_MOVE = YES;
				CLANG_WARN_UNGUARDED_AVAILABILITY = YES_AGGRESSIVE;
				CLANG_WARN_UNREACHABLE_CODE = YES;
				CLANG_WARN__DUPLICATE_METHOD_MATCH = YES;
				COPY_PHASE_STRIP = NO;
				DEBUG_INFORMATION_FORMAT = dwarf;
				ENABLE_STRICT_OBJC_MSGSEND = YES;
				ENABLE_TESTABILITY = YES;
				GCC_C_LANGUAGE_STANDARD = gnu11;
				GCC_DYNAMIC_NO_PIC = NO;
				GCC_NO_COMMON_BLOCKS = YES;
				GCC_OPTIMIZATION_LEVEL = 0;
				GCC_PREPROCESSOR_DEFINITIONS = (
					"DEBUG=1",
					"$(inherited)",
				);
				GCC_WARN_64_TO_32_BIT_CONVERSION = YES;
				GCC_WARN_ABOUT_RETURN_TYPE = YES_ERROR;
				GCC_WARN_UNDECLARED_SELECTOR = YES;
				GCC_WARN_UNINITIALIZED_AUTOS = YES_AGGRESSIVE;
				GCC_WARN_UNUSED_FUNCTION = YES;
				GCC_WARN_UNUSED_VARIABLE = YES;
				IPHONEOS_DEPLOYMENT_TARGET = 13.2;
				MTL_ENABLE_DEBUG_INFO = INCLUDE_SOURCE;
				MTL_FAST_MATH = YES;
				ONLY_ACTIVE_ARCH = YES;
				SDKROOT = iphoneos;
				SWIFT_ACTIVE_COMPILATION_CONDITIONS = DEBUG;
				SWIFT_OPTIMIZATION_LEVEL = "-Onone";
			};
			name = Debug;
		};
		7924835323CB7B58003E3D27 /* Release */ = {
			isa = XCBuildConfiguration;
			buildSettings = {
				ALWAYS_SEARCH_USER_PATHS = NO;
				CLANG_ANALYZER_NONNULL = YES;
				CLANG_ANALYZER_NUMBER_OBJECT_CONVERSION = YES_AGGRESSIVE;
				CLANG_CXX_LANGUAGE_STANDARD = "gnu++14";
				CLANG_CXX_LIBRARY = "libc++";
				CLANG_ENABLE_MODULES = YES;
				CLANG_ENABLE_OBJC_ARC = YES;
				CLANG_ENABLE_OBJC_WEAK = YES;
				CLANG_WARN_BLOCK_CAPTURE_AUTORELEASING = YES;
				CLANG_WARN_BOOL_CONVERSION = YES;
				CLANG_WARN_COMMA = YES;
				CLANG_WARN_CONSTANT_CONVERSION = YES;
				CLANG_WARN_DEPRECATED_OBJC_IMPLEMENTATIONS = YES;
				CLANG_WARN_DIRECT_OBJC_ISA_USAGE = YES_ERROR;
				CLANG_WARN_DOCUMENTATION_COMMENTS = YES;
				CLANG_WARN_EMPTY_BODY = YES;
				CLANG_WARN_ENUM_CONVERSION = YES;
				CLANG_WARN_INFINITE_RECURSION = YES;
				CLANG_WARN_INT_CONVERSION = YES;
				CLANG_WARN_NON_LITERAL_NULL_CONVERSION = YES;
				CLANG_WARN_OBJC_IMPLICIT_RETAIN_SELF = YES;
				CLANG_WARN_OBJC_LITERAL_CONVERSION = YES;
				CLANG_WARN_OBJC_ROOT_CLASS = YES_ERROR;
				CLANG_WARN_RANGE_LOOP_ANALYSIS = YES;
				CLANG_WARN_STRICT_PROTOTYPES = YES;
				CLANG_WARN_SUSPICIOUS_MOVE = YES;
				CLANG_WARN_UNGUARDED_AVAILABILITY = YES_AGGRESSIVE;
				CLANG_WARN_UNREACHABLE_CODE = YES;
				CLANG_WARN__DUPLICATE_METHOD_MATCH = YES;
				COPY_PHASE_STRIP = NO;
				DEBUG_INFORMATION_FORMAT = "dwarf-with-dsym";
				ENABLE_NS_ASSERTIONS = NO;
				ENABLE_STRICT_OBJC_MSGSEND = YES;
				GCC_C_LANGUAGE_STANDARD = gnu11;
				GCC_NO_COMMON_BLOCKS = YES;
				GCC_WARN_64_TO_32_BIT_CONVERSION = YES;
				GCC_WARN_ABOUT_RETURN_TYPE = YES_ERROR;
				GCC_WARN_UNDECLARED_SELECTOR = YES;
				GCC_WARN_UNINITIALIZED_AUTOS = YES_AGGRESSIVE;
				GCC_WARN_UNUSED_FUNCTION = YES;
				GCC_WARN_UNUSED_VARIABLE = YES;
				IPHONEOS_DEPLOYMENT_TARGET = 13.2;
				MTL_ENABLE_DEBUG_INFO = NO;
				MTL_FAST_MATH = YES;
				SDKROOT = iphoneos;
				SWIFT_COMPILATION_MODE = wholemodule;
				SWIFT_OPTIMIZATION_LEVEL = "-O";
				VALIDATE_PRODUCT = YES;
			};
			name = Release;
		};
		7924835523CB7B58003E3D27 /* Debug */ = {
			isa = XCBuildConfiguration;
			baseConfigurationReference = FEBA81B9D67F9FBBA5381D09 /* Pods-CalendarApp.debug.xcconfig */;
			buildSettings = {
				ASSETCATALOG_COMPILER_APPICON_NAME = AppIcon;
				CLANG_ENABLE_MODULES = YES;
				CODE_SIGN_STYLE = Automatic;
				INFOPLIST_FILE = CalendarApp/Info.plist;
				IPHONEOS_DEPLOYMENT_TARGET = 9.0;
				LD_RUNPATH_SEARCH_PATHS = (
					"$(inherited)",
					"@executable_path/Frameworks",
				);
				PRODUCT_BUNDLE_IDENTIFIER = github.richardtop.CalendarApp;
				PRODUCT_NAME = "$(TARGET_NAME)";
				SWIFT_OPTIMIZATION_LEVEL = "-Onone";
				SWIFT_VERSION = 5.0;
				TARGETED_DEVICE_FAMILY = "1,2";
			};
			name = Debug;
		};
		7924835623CB7B58003E3D27 /* Release */ = {
			isa = XCBuildConfiguration;
			baseConfigurationReference = 786F0C3439DCA027A1D04664 /* Pods-CalendarApp.release.xcconfig */;
			buildSettings = {
				ASSETCATALOG_COMPILER_APPICON_NAME = AppIcon;
				CLANG_ENABLE_MODULES = YES;
				CODE_SIGN_STYLE = Automatic;
				INFOPLIST_FILE = CalendarApp/Info.plist;
				IPHONEOS_DEPLOYMENT_TARGET = 9.0;
				LD_RUNPATH_SEARCH_PATHS = (
					"$(inherited)",
					"@executable_path/Frameworks",
				);
				PRODUCT_BUNDLE_IDENTIFIER = github.richardtop.CalendarApp;
				PRODUCT_NAME = "$(TARGET_NAME)";
				SWIFT_VERSION = 5.0;
				TARGETED_DEVICE_FAMILY = "1,2";
			};
			name = Release;
		};
/* End XCBuildConfiguration section */

/* Begin XCConfigurationList section */
		7924833B23CB7B57003E3D27 /* Build configuration list for PBXProject "CalendarApp" */ = {
			isa = XCConfigurationList;
			buildConfigurations = (
				7924835223CB7B58003E3D27 /* Debug */,
				7924835323CB7B58003E3D27 /* Release */,
			);
			defaultConfigurationIsVisible = 0;
			defaultConfigurationName = Release;
		};
		7924835423CB7B58003E3D27 /* Build configuration list for PBXNativeTarget "CalendarApp" */ = {
			isa = XCConfigurationList;
			buildConfigurations = (
				7924835523CB7B58003E3D27 /* Debug */,
				7924835623CB7B58003E3D27 /* Release */,
			);
			defaultConfigurationIsVisible = 0;
			defaultConfigurationName = Release;
		};
/* End XCConfigurationList section */
	};
	rootObject = 7924833823CB7B57003E3D27 /* Project object */;
}
