// !$*UTF8*$!
{
	archiveVersion = 1;
	classes = {
	};
	objectVersion = 46;
	objects = {

/* Begin PBXBuildFile section */
		790EF2B91E36E77C008488B7 /* ExampleController.swift in Sources */ = {isa = PBXBuildFile; fileRef = 790EF2B81E36E77C008488B7 /* ExampleController.swift */; };
		793B14DE1BD6815D00961414 /* AppDelegate.swift in Sources */ = {isa = PBXBuildFile; fileRef = 793B14DD1BD6815D00961414 /* AppDelegate.swift */; };
		793B14E51BD6815D00961414 /* Assets.xcassets in Resources */ = {isa = PBXBuildFile; fileRef = 793B14E41BD6815D00961414 /* Assets.xcassets */; };
		79413AEB1F01088C00A9448E /* DatePickerController.swift in Sources */ = {isa = PBXBuildFile; fileRef = 79413AEA1F01088C00A9448E /* DatePickerController.swift */; };
		79752B2A228B91C2009E06F8 /* CustomCalendarExampleController.swift in Sources */ = {isa = PBXBuildFile; fileRef = 79752B29228B91C2009E06F8 /* CustomCalendarExampleController.swift */; };
		798DE8631E4A8B4F00486CDC /* StyleGenerator.swift in Sources */ = {isa = PBXBuildFile; fileRef = 798DE8621E4A8B4F00486CDC /* StyleGenerator.swift */; };
		CE2CF59A1FF2D6750064DFB1 /* ExampleNotificationController.swift in Sources */ = {isa = PBXBuildFile; fileRef = CE2CF5991FF2D6750064DFB1 /* ExampleNotificationController.swift */; };
		F71D88835BFAB8CCF9FD8AA5 /* Pods_CalendarKitDemo.framework in Frameworks */ = {isa = PBXBuildFile; fileRef = 36A94A098CA6074A2AEE834F /* Pods_CalendarKitDemo.framework */; };
/* End PBXBuildFile section */

/* Begin PBXFileReference section */
		0588E04073FAFE81B2691326 /* Pods.framework */ = {isa = PBXFileReference; explicitFileType = wrapper.framework; includeInIndex = 0; path = Pods.framework; sourceTree = BUILT_PRODUCTS_DIR; };
		36A94A098CA6074A2AEE834F /* Pods_CalendarKitDemo.framework */ = {isa = PBXFileReference; explicitFileType = wrapper.framework; includeInIndex = 0; path = Pods_CalendarKitDemo.framework; sourceTree = BUILT_PRODUCTS_DIR; };
		7332CB1116326D24149EE2D6 /* Pods-CalendarKitDemo.debug.xcconfig */ = {isa = PBXFileReference; includeInIndex = 1; lastKnownFileType = text.xcconfig; name = "Pods-CalendarKitDemo.debug.xcconfig"; path = "Pods/Target Support Files/Pods-CalendarKitDemo/Pods-CalendarKitDemo.debug.xcconfig"; sourceTree = "<group>"; };
		790EF2B81E36E77C008488B7 /* ExampleController.swift */ = {isa = PBXFileReference; fileEncoding = 4; lastKnownFileType = sourcecode.swift; path = ExampleController.swift; sourceTree = "<group>"; };
		793B14DA1BD6815D00961414 /* CalendarKitDemo.app */ = {isa = PBXFileReference; explicitFileType = wrapper.application; includeInIndex = 0; path = CalendarKitDemo.app; sourceTree = BUILT_PRODUCTS_DIR; };
		793B14DD1BD6815D00961414 /* AppDelegate.swift */ = {isa = PBXFileReference; lastKnownFileType = sourcecode.swift; path = AppDelegate.swift; sourceTree = "<group>"; };
		793B14E41BD6815D00961414 /* Assets.xcassets */ = {isa = PBXFileReference; lastKnownFileType = folder.assetcatalog; path = Assets.xcassets; sourceTree = "<group>"; };
		793B14E91BD6815D00961414 /* Info.plist */ = {isa = PBXFileReference; lastKnownFileType = text.plist.xml; path = Info.plist; sourceTree = "<group>"; };
		79413AEA1F01088C00A9448E /* DatePickerController.swift */ = {isa = PBXFileReference; fileEncoding = 4; lastKnownFileType = sourcecode.swift; path = DatePickerController.swift; sourceTree = "<group>"; };
		79752B29228B91C2009E06F8 /* CustomCalendarExampleController.swift */ = {isa = PBXFileReference; lastKnownFileType = sourcecode.swift; path = CustomCalendarExampleController.swift; sourceTree = "<group>"; };
		798DE8621E4A8B4F00486CDC /* StyleGenerator.swift */ = {isa = PBXFileReference; fileEncoding = 4; lastKnownFileType = sourcecode.swift; path = StyleGenerator.swift; sourceTree = "<group>"; };
		881D3E4878A988B8B04CD379 /* Pods-CalendarKitDemo.release.xcconfig */ = {isa = PBXFileReference; includeInIndex = 1; lastKnownFileType = text.xcconfig; name = "Pods-CalendarKitDemo.release.xcconfig"; path = "Pods/Target Support Files/Pods-CalendarKitDemo/Pods-CalendarKitDemo.release.xcconfig"; sourceTree = "<group>"; };
		CE2CF5991FF2D6750064DFB1 /* ExampleNotificationController.swift */ = {isa = PBXFileReference; lastKnownFileType = sourcecode.swift; path = ExampleNotificationController.swift; sourceTree = "<group>"; };
/* End PBXFileReference section */

/* Begin PBXFrameworksBuildPhase section */
		793B14D71BD6815D00961414 /* Frameworks */ = {
			isa = PBXFrameworksBuildPhase;
			buildActionMask = 2147483647;
			files = (
				F71D88835BFAB8CCF9FD8AA5 /* Pods_CalendarKitDemo.framework in Frameworks */,
			);
			runOnlyForDeploymentPostprocessing = 0;
		};
/* End PBXFrameworksBuildPhase section */

/* Begin PBXGroup section */
		39D78041E225196BBA5CA002 /* Frameworks */ = {
			isa = PBXGroup;
			children = (
				0588E04073FAFE81B2691326 /* Pods.framework */,
				36A94A098CA6074A2AEE834F /* Pods_CalendarKitDemo.framework */,
			);
			name = Frameworks;
			sourceTree = "<group>";
		};
		793B14D11BD6815D00961414 = {
			isa = PBXGroup;
			children = (
				793B14DC1BD6815D00961414 /* CalendarKitDemo */,
				793B14DB1BD6815D00961414 /* Products */,
				39D78041E225196BBA5CA002 /* Frameworks */,
				904E3407C89A6147909AC269 /* Pods */,
			);
			sourceTree = "<group>";
		};
		793B14DB1BD6815D00961414 /* Products */ = {
			isa = PBXGroup;
			children = (
				793B14DA1BD6815D00961414 /* CalendarKitDemo.app */,
			);
			name = Products;
			sourceTree = "<group>";
		};
		793B14DC1BD6815D00961414 /* CalendarKitDemo */ = {
			isa = PBXGroup;
			children = (
				793B14DD1BD6815D00961414 /* AppDelegate.swift */,
				79752B29228B91C2009E06F8 /* CustomCalendarExampleController.swift */,
				790EF2B81E36E77C008488B7 /* ExampleController.swift */,
				CE2CF5991FF2D6750064DFB1 /* ExampleNotificationController.swift */,
				798DE8621E4A8B4F00486CDC /* StyleGenerator.swift */,
				79413AEA1F01088C00A9448E /* DatePickerController.swift */,
				793B14E41BD6815D00961414 /* Assets.xcassets */,
				793B14E91BD6815D00961414 /* Info.plist */,
			);
			path = CalendarKitDemo;
			sourceTree = "<group>";
		};
		904E3407C89A6147909AC269 /* Pods */ = {
			isa = PBXGroup;
			children = (
				7332CB1116326D24149EE2D6 /* Pods-CalendarKitDemo.debug.xcconfig */,
				881D3E4878A988B8B04CD379 /* Pods-CalendarKitDemo.release.xcconfig */,
			);
			name = Pods;
			sourceTree = "<group>";
		};
/* End PBXGroup section */

/* Begin PBXNativeTarget section */
		793B14D91BD6815D00961414 /* CalendarKitDemo */ = {
			isa = PBXNativeTarget;
			buildConfigurationList = 793B14EC1BD6815D00961414 /* Build configuration list for PBXNativeTarget "CalendarKitDemo" */;
			buildPhases = (
				EB8E0B550100E82F95F955CA /* [CP] Check Pods Manifest.lock */,
				793B14D61BD6815D00961414 /* Sources */,
				793B14D71BD6815D00961414 /* Frameworks */,
				793B14D81BD6815D00961414 /* Resources */,
				B3053EC9A1E73CA47634FC5A /* [CP] Embed Pods Frameworks */,
			);
			buildRules = (
			);
			dependencies = (
			);
			name = CalendarKitDemo;
			productName = CalendarKitDemo;
			productReference = 793B14DA1BD6815D00961414 /* CalendarKitDemo.app */;
			productType = "com.apple.product-type.application";
		};
/* End PBXNativeTarget section */

/* Begin PBXProject section */
		793B14D21BD6815D00961414 /* Project object */ = {
			isa = PBXProject;
			attributes = {
				LastUpgradeCheck = 0930;
				ORGANIZATIONNAME = Hyper;
				TargetAttributes = {
					793B14D91BD6815D00961414 = {
						CreatedOnToolsVersion = 7.0;
						DevelopmentTeam = 8U3L6K9JA6;
						LastSwiftMigration = 1020;
					};
				};
			};
			buildConfigurationList = 793B14D51BD6815D00961414 /* Build configuration list for PBXProject "CalendarKitDemo" */;
			compatibilityVersion = "Xcode 3.2";
			developmentRegion = English;
			hasScannedForEncodings = 0;
			knownRegions = (
				English,
				en,
				Base,
			);
			mainGroup = 793B14D11BD6815D00961414;
			productRefGroup = 793B14DB1BD6815D00961414 /* Products */;
			projectDirPath = "";
			projectRoot = "";
			targets = (
				793B14D91BD6815D00961414 /* CalendarKitDemo */,
			);
		};
/* End PBXProject section */

/* Begin PBXResourcesBuildPhase section */
		793B14D81BD6815D00961414 /* Resources */ = {
			isa = PBXResourcesBuildPhase;
			buildActionMask = 2147483647;
			files = (
				793B14E51BD6815D00961414 /* Assets.xcassets in Resources */,
			);
			runOnlyForDeploymentPostprocessing = 0;
		};
/* End PBXResourcesBuildPhase section */

/* Begin PBXShellScriptBuildPhase section */
		B3053EC9A1E73CA47634FC5A /* [CP] Embed Pods Frameworks */ = {
			isa = PBXShellScriptBuildPhase;
			buildActionMask = 2147483647;
			files = (
			);
			inputPaths = (
				"${PODS_ROOT}/Target Support Files/Pods-CalendarKitDemo/Pods-CalendarKitDemo-frameworks.sh",
				"${BUILT_PRODUCTS_DIR}/CalendarKit/CalendarKit.framework",
				"${BUILT_PRODUCTS_DIR}/DateToolsSwift/DateToolsSwift.framework",
				"${BUILT_PRODUCTS_DIR}/Neon/Neon.framework",
			);
			name = "[CP] Embed Pods Frameworks";
			outputPaths = (
				"${TARGET_BUILD_DIR}/${FRAMEWORKS_FOLDER_PATH}/CalendarKit.framework",
				"${TARGET_BUILD_DIR}/${FRAMEWORKS_FOLDER_PATH}/DateToolsSwift.framework",
				"${TARGET_BUILD_DIR}/${FRAMEWORKS_FOLDER_PATH}/Neon.framework",
			);
			runOnlyForDeploymentPostprocessing = 0;
			shellPath = /bin/sh;
			shellScript = "\"${PODS_ROOT}/Target Support Files/Pods-CalendarKitDemo/Pods-CalendarKitDemo-frameworks.sh\"\n";
			showEnvVarsInLog = 0;
		};
		EB8E0B550100E82F95F955CA /* [CP] Check Pods Manifest.lock */ = {
			isa = PBXShellScriptBuildPhase;
			buildActionMask = 2147483647;
			files = (
			);
			inputPaths = (
				"${PODS_PODFILE_DIR_PATH}/Podfile.lock",
				"${PODS_ROOT}/Manifest.lock",
			);
			name = "[CP] Check Pods Manifest.lock";
			outputPaths = (
				"$(DERIVED_FILE_DIR)/Pods-CalendarKitDemo-checkManifestLockResult.txt",
			);
			runOnlyForDeploymentPostprocessing = 0;
			shellPath = /bin/sh;
			shellScript = "diff \"${PODS_PODFILE_DIR_PATH}/Podfile.lock\" \"${PODS_ROOT}/Manifest.lock\" > /dev/null\nif [ $? != 0 ] ; then\n    # print error to STDERR\n    echo \"error: The sandbox is not in sync with the Podfile.lock. Run 'pod install' or update your CocoaPods installation.\" >&2\n    exit 1\nfi\n# This output is used by Xcode 'outputs' to avoid re-running this script phase.\necho \"SUCCESS\" > \"${SCRIPT_OUTPUT_FILE_0}\"\n";
			showEnvVarsInLog = 0;
		};
/* End PBXShellScriptBuildPhase section */

/* Begin PBXSourcesBuildPhase section */
		793B14D61BD6815D00961414 /* Sources */ = {
			isa = PBXSourcesBuildPhase;
			buildActionMask = 2147483647;
			files = (
				790EF2B91E36E77C008488B7 /* ExampleController.swift in Sources */,
				79752B2A228B91C2009E06F8 /* CustomCalendarExampleController.swift in Sources */,
				79413AEB1F01088C00A9448E /* DatePickerController.swift in Sources */,
				793B14DE1BD6815D00961414 /* AppDelegate.swift in Sources */,
				CE2CF59A1FF2D6750064DFB1 /* ExampleNotificationController.swift in Sources */,
				798DE8631E4A8B4F00486CDC /* StyleGenerator.swift in Sources */,
			);
			runOnlyForDeploymentPostprocessing = 0;
		};
/* End PBXSourcesBuildPhase section */

/* Begin XCBuildConfiguration section */
		793B14EA1BD6815D00961414 /* Debug */ = {
			isa = XCBuildConfiguration;
			buildSettings = {
				ALWAYS_SEARCH_USER_PATHS = NO;
				CLANG_CXX_LANGUAGE_STANDARD = "gnu++0x";
				CLANG_CXX_LIBRARY = "libc++";
				CLANG_ENABLE_MODULES = YES;
				CLANG_ENABLE_OBJC_ARC = YES;
				CLANG_WARN_BLOCK_CAPTURE_AUTORELEASING = YES;
				CLANG_WARN_BOOL_CONVERSION = YES;
				CLANG_WARN_COMMA = YES;
				CLANG_WARN_CONSTANT_CONVERSION = YES;
				CLANG_WARN_DEPRECATED_OBJC_IMPLEMENTATIONS = YES;
				CLANG_WARN_DIRECT_OBJC_ISA_USAGE = YES_ERROR;
				CLANG_WARN_EMPTY_BODY = YES;
				CLANG_WARN_ENUM_CONVERSION = YES;
				CLANG_WARN_INFINITE_RECURSION = YES;
				CLANG_WARN_INT_CONVERSION = YES;
				CLANG_WARN_NON_LITERAL_NULL_CONVERSION = YES;
				CLANG_WARN_OBJC_IMPLICIT_RETAIN_SELF = YES;
				CLANG_WARN_OBJC_LITERAL_CONVERSION = YES;
				CLANG_WARN_OBJC_ROOT_CLASS = YES_ERROR;
				CLANG_WARN_RANGE_LOOP_ANALYSIS = YES;
				CLANG_WARN_STRICT_PROTOTYPES = YES;
				CLANG_WARN_SUSPICIOUS_MOVE = YES;
				CLANG_WARN_UNREACHABLE_CODE = YES;
				CLANG_WARN__DUPLICATE_METHOD_MATCH = YES;
				"CODE_SIGN_IDENTITY[sdk=iphoneos*]" = "iPhone Developer";
				COPY_PHASE_STRIP = NO;
				DEBUG_INFORMATION_FORMAT = dwarf;
				ENABLE_STRICT_OBJC_MSGSEND = YES;
				ENABLE_TESTABILITY = YES;
				GCC_C_LANGUAGE_STANDARD = gnu99;
				GCC_DYNAMIC_NO_PIC = NO;
				GCC_NO_COMMON_BLOCKS = YES;
				GCC_OPTIMIZATION_LEVEL = 0;
				GCC_PREPROCESSOR_DEFINITIONS = (
					"DEBUG=1",
					"$(inherited)",
				);
				GCC_WARN_64_TO_32_BIT_CONVERSION = YES;
				GCC_WARN_ABOUT_RETURN_TYPE = YES_ERROR;
				GCC_WARN_UNDECLARED_SELECTOR = YES;
				GCC_WARN_UNINITIALIZED_AUTOS = YES_AGGRESSIVE;
				GCC_WARN_UNUSED_FUNCTION = YES;
				GCC_WARN_UNUSED_VARIABLE = YES;
				IPHONEOS_DEPLOYMENT_TARGET = 9.0;
				MTL_ENABLE_DEBUG_INFO = YES;
				ONLY_ACTIVE_ARCH = YES;
				SDKROOT = iphoneos;
				SWIFT_OPTIMIZATION_LEVEL = "-Onone";
				TARGETED_DEVICE_FAMILY = "1,2";
			};
			name = Debug;
		};
		793B14EB1BD6815D00961414 /* Release */ = {
			isa = XCBuildConfiguration;
			buildSettings = {
				ALWAYS_SEARCH_USER_PATHS = NO;
				CLANG_CXX_LANGUAGE_STANDARD = "gnu++0x";
				CLANG_CXX_LIBRARY = "libc++";
				CLANG_ENABLE_MODULES = YES;
				CLANG_ENABLE_OBJC_ARC = YES;
				CLANG_WARN_BLOCK_CAPTURE_AUTORELEASING = YES;
				CLANG_WARN_BOOL_CONVERSION = YES;
				CLANG_WARN_COMMA = YES;
				CLANG_WARN_CONSTANT_CONVERSION = YES;
				CLANG_WARN_DEPRECATED_OBJC_IMPLEMENTATIONS = YES;
				CLANG_WARN_DIRECT_OBJC_ISA_USAGE = YES_ERROR;
				CLANG_WARN_EMPTY_BODY = YES;
				CLANG_WARN_ENUM_CONVERSION = YES;
				CLANG_WARN_INFINITE_RECURSION = YES;
				CLANG_WARN_INT_CONVERSION = YES;
				CLANG_WARN_NON_LITERAL_NULL_CONVERSION = YES;
				CLANG_WARN_OBJC_IMPLICIT_RETAIN_SELF = YES;
				CLANG_WARN_OBJC_LITERAL_CONVERSION = YES;
				CLANG_WARN_OBJC_ROOT_CLASS = YES_ERROR;
				CLANG_WARN_RANGE_LOOP_ANALYSIS = YES;
				CLANG_WARN_STRICT_PROTOTYPES = YES;
				CLANG_WARN_SUSPICIOUS_MOVE = YES;
				CLANG_WARN_UNREACHABLE_CODE = YES;
				CLANG_WARN__DUPLICATE_METHOD_MATCH = YES;
				"CODE_SIGN_IDENTITY[sdk=iphoneos*]" = "iPhone Developer";
				COPY_PHASE_STRIP = NO;
				DEBUG_INFORMATION_FORMAT = "dwarf-with-dsym";
				ENABLE_NS_ASSERTIONS = NO;
				ENABLE_STRICT_OBJC_MSGSEND = YES;
				GCC_C_LANGUAGE_STANDARD = gnu99;
				GCC_NO_COMMON_BLOCKS = YES;
				GCC_WARN_64_TO_32_BIT_CONVERSION = YES;
				GCC_WARN_ABOUT_RETURN_TYPE = YES_ERROR;
				GCC_WARN_UNDECLARED_SELECTOR = YES;
				GCC_WARN_UNINITIALIZED_AUTOS = YES_AGGRESSIVE;
				GCC_WARN_UNUSED_FUNCTION = YES;
				GCC_WARN_UNUSED_VARIABLE = YES;
				IPHONEOS_DEPLOYMENT_TARGET = 9.0;
				MTL_ENABLE_DEBUG_INFO = NO;
				SDKROOT = iphoneos;
				SWIFT_OPTIMIZATION_LEVEL = "-Owholemodule";
				TARGETED_DEVICE_FAMILY = "1,2";
				VALIDATE_PRODUCT = YES;
			};
			name = Release;
		};
		793B14ED1BD6815D00961414 /* Debug */ = {
			isa = XCBuildConfiguration;
			baseConfigurationReference = 7332CB1116326D24149EE2D6 /* Pods-CalendarKitDemo.debug.xcconfig */;
			buildSettings = {
				ALWAYS_EMBED_SWIFT_STANDARD_LIBRARIES = "$(inherited)";
				ASSETCATALOG_COMPILER_APPICON_NAME = AppIcon;
				DEVELOPMENT_TEAM = 8U3L6K9JA6;
				INFOPLIST_FILE = CalendarKitDemo/Info.plist;
				IPHONEOS_DEPLOYMENT_TARGET = 9;
				LD_RUNPATH_SEARCH_PATHS = "$(inherited) @executable_path/Frameworks";
				PRODUCT_BUNDLE_IDENTIFIER = hyper.CalendarKitDemo;
				PRODUCT_NAME = "$(TARGET_NAME)";
				SWIFT_VERSION = 5.0;
			};
			name = Debug;
		};
		793B14EE1BD6815D00961414 /* Release */ = {
			isa = XCBuildConfiguration;
			baseConfigurationReference = 881D3E4878A988B8B04CD379 /* Pods-CalendarKitDemo.release.xcconfig */;
			buildSettings = {
				ALWAYS_EMBED_SWIFT_STANDARD_LIBRARIES = "$(inherited)";
				ASSETCATALOG_COMPILER_APPICON_NAME = AppIcon;
				DEVELOPMENT_TEAM = 8U3L6K9JA6;
				INFOPLIST_FILE = CalendarKitDemo/Info.plist;
				IPHONEOS_DEPLOYMENT_TARGET = 9;
				LD_RUNPATH_SEARCH_PATHS = "$(inherited) @executable_path/Frameworks";
				ONLY_ACTIVE_ARCH = YES;
				PRODUCT_BUNDLE_IDENTIFIER = hyper.CalendarKitDemo;
				PRODUCT_NAME = "$(TARGET_NAME)";
				SWIFT_VERSION = 5.0;
			};
			name = Release;
		};
/* End XCBuildConfiguration section */

/* Begin XCConfigurationList section */
		793B14D51BD6815D00961414 /* Build configuration list for PBXProject "CalendarKitDemo" */ = {
			isa = XCConfigurationList;
			buildConfigurations = (
				793B14EA1BD6815D00961414 /* Debug */,
				793B14EB1BD6815D00961414 /* Release */,
			);
			defaultConfigurationIsVisible = 0;
			defaultConfigurationName = Release;
		};
		793B14EC1BD6815D00961414 /* Build configuration list for PBXNativeTarget "CalendarKitDemo" */ = {
			isa = XCConfigurationList;
			buildConfigurations = (
				793B14ED1BD6815D00961414 /* Debug */,
				793B14EE1BD6815D00961414 /* Release */,
			);
			defaultConfigurationIsVisible = 0;
			defaultConfigurationName = Release;
		};
/* End XCConfigurationList section */
	};
	rootObject = 793B14D21BD6815D00961414 /* Project object */;
}
