PODS:
  - CalendarKit (0.1.16):
    - DateToolsSwift
    - DynamicColor
    - Neon
  - DateToolsSwift (2.0.3)
  - DynamicColor (3.2.1)
  - Neon (0.4.0)

DEPENDENCIES:
  - CalendarKit (from `../`)

EXTERNAL SOURCES:
  CalendarKit:
    :path: ../

SPEC CHECKSUMS:
  CalendarKit: 1de8b8f37fad1e0b6e2f1e733bf3b132bb6342bc
  DateToolsSwift: bf69bf9056d9e53c5c03f06e51f219b9b8b02f9e
  DynamicColor: 4786d650c69da6c3f2cbfe068348288ec4e5521f
  Neon: 7fb5a9327e7e57911843f608e08f4893a74deaf9

PODFILE CHECKSUM: b76013ff0b66b8e61c214e583d26b4c3d93a550b

COCOAPODS: 1.2.1
