PODS:
  - CalendarKit (0.1.0):
    - DateTools
    - DynamicColor
    - Neon
  - DateTools (1.7.0)
  - DynamicColor (2.1.0)
  - Neon (0.0.3)

DEPENDENCIES:
  - CalendarKit (from `../`)

EXTERNAL SOURCES:
  CalendarKit:
    :path: "../"

SPEC CHECKSUMS:
  CalendarKit: 043aac9056218fbc324dd032cdcf666f0ab163dc
  DateTools: 53288ee8b905fdc75897a1e6b5cc0144b14cba60
  DynamicColor: 04cc3b74f2b01c32775ca6b3164bfa22c1ac8255
  Neon: 589d3d217d326abe09726bf81add106cff685bf2

COCOAPODS: 0.38.2
