PODS:
  - CalendarKit (0.1.0):
    - DateTools
  - DateTools (1.7.0)

DEPENDENCIES:
  - CalendarKit (from `../../`)

EXTERNAL SOURCES:
  CalendarKit:
    :path: "../../"

SPEC CHECKSUMS:
  CalendarKit: a60fa2951a046da71d4478d90f4e8d54bbf965e6
  DateTools: 53288ee8b905fdc75897a1e6b5cc0144b14cba60

COCOAPODS: 0.39.0
